{
    "name": "macro",
    "version": "1.0.0",
    "lockfileVersion": 3,
    "requires": true,
    "packages": {
        "": {
            "name": "macro",
            "version": "1.0.0",
            "devDependencies": {
                "@chili3d/core": "*",
                "@chili3d/element": "*",
                "typescript": "^5.0.0"
            }
        },
        "node_modules/@chili3d/core": {
            "version": "0.7.0-beta.2",
            "resolved": "https://registry.npmjs.org/@chili3d/core/-/core-0.7.0-beta.2.tgz",
            "integrity": "sha512-qmzqJEwI2dgHI4NxatdePOHZi/el4pWaVX6MW/PHMVmnODxrviZu/P7s0DTJrI7rPq2LtfjmVCIp1FlfO3PAsw==",
            "dev": true
        },
        "node_modules/@chili3d/element": {
            "version": "0.7.0-beta.2",
            "resolved": "https://registry.npmjs.org/@chili3d/element/-/element-0.7.0-beta.2.tgz",
            "integrity": "sha512-HJWSTVc9IUE+fH9WE04j5bKkab9QQznOcc48KMsqcUF6fFhmnpB+9Epjj25hFitMWdRewYtDtWSXOPbgcULGdg==",
            "dev": true
        },
        "node_modules/typescript": {
            "version": "5.9.3",
            "resolved": "https://registry.npmjs.org/typescript/-/typescript-5.9.3.tgz",
            "integrity": "sha512-jl1vZzPDinLr9eUt3J/t7V6FgNEw9QjvBPdysz9KfQDD41fQrC2Y4vKQdiaUpFT4bXlb1RHhLpp8wtm6M5TgSw==",
            "dev": true,
            "license": "Apache-2.0",
            "bin": {
                "tsc": "bin/tsc",
                "tsserver": "bin/tsserver"
            },
            "engines": {
                "node": ">=14.17"
            }
        }
    }
}
