{
    "name": "macro",
    "version": "1.0.0",
    "lockfileVersion": 3,
    "requires": true,
    "packages": {
        "": {
            "name": "macro",
            "version": "1.0.0",
            "devDependencies": {
                "@chili3d/core": "0.7.0-beta.4",
                "@chili3d/element": "0.7.0-beta.4",
                "@rspack/cli": "2.0.3",
                "@rspack/core": "2.0.3",
                "typescript": "^5.0.0"
            }
        },
        "node_modules/@chili3d/core": {
            "version": "0.7.0-beta.4",
            "resolved": "https://registry.npmjs.org/@chili3d/core/-/core-0.7.0-beta.4.tgz",
            "integrity": "sha512-lUoqKhgIE/Nzl+el4EtC43Sydot2Y4Lxc46PyENoDWJKZJQhEEBE8+kvz8e7YEb8mgzNgEyS2fSl5H6d5yhobw==",
            "dev": true
        },
        "node_modules/@chili3d/element": {
            "version": "0.7.0-beta.4",
            "resolved": "https://registry.npmjs.org/@chili3d/element/-/element-0.7.0-beta.4.tgz",
            "integrity": "sha512-8MnMYYJO3fH569IL5EzYHsReWjHjN9D0UNSUgIiCgTj6+h5PD8K0VKmRh3IOJo++KahDobWi2ATjPngRnd0lnQ==",
            "dev": true
        },
        "node_modules/@emnapi/core": {
            "version": "1.10.0",
            "resolved": "https://registry.npmjs.org/@emnapi/core/-/core-1.10.0.tgz",
            "integrity": "sha512-yq6OkJ4p82CAfPl0u9mQebQHKPJkY7WrIuk205cTYnYe+k2Z8YBh11FrbRG/H6ihirqcacOgl2BIO8oyMQLeXw==",
            "dev": true,
            "license": "MIT",
            "optional": true,
            "dependencies": {
                "@emnapi/wasi-threads": "1.2.1",
                "tslib": "^2.4.0"
            }
        },
        "node_modules/@emnapi/runtime": {
            "version": "1.10.0",
            "resolved": "https://registry.npmjs.org/@emnapi/runtime/-/runtime-1.10.0.tgz",
            "integrity": "sha512-ewvYlk86xUoGI0zQRNq/mC+16R1QeDlKQy21Ki3oSYXNgLb45GV1P6A0M+/s6nyCuNDqe5VpaY84BzXGwVbwFA==",
            "dev": true,
            "license": "MIT",
            "optional": true,
            "dependencies": {
                "tslib": "^2.4.0"
            }
        },
        "node_modules/@emnapi/wasi-threads": {
            "version": "1.2.1",
            "resolved": "https://registry.npmjs.org/@emnapi/wasi-threads/-/wasi-threads-1.2.1.tgz",
            "integrity": "sha512-uTII7OYF+/Mes/MrcIOYp5yOtSMLBWSIoLPpcgwipoiKbli6k322tcoFsxoIIxPDqW01SQGAgko4EzZi2BNv2w==",
            "dev": true,
            "license": "MIT",
            "optional": true,
            "dependencies": {
                "tslib": "^2.4.0"
            }
        },
        "node_modules/@napi-rs/wasm-runtime": {
            "version": "1.1.4",
            "resolved": "https://registry.npmjs.org/@napi-rs/wasm-runtime/-/wasm-runtime-1.1.4.tgz",
            "integrity": "sha512-3NQNNgA1YSlJb/kMH1ildASP9HW7/7kYnRI2szWJaofaS1hWmbGI4H+d3+22aGzXXN9IJ+n+GiFVcGipJP18ow==",
            "dev": true,
            "license": "MIT",
            "optional": true,
            "dependencies": {
                "@tybys/wasm-util": "^0.10.1"
            },
            "funding": {
                "type": "github",
                "url": "https://github.com/sponsors/Brooooooklyn"
            },
            "peerDependencies": {
                "@emnapi/core": "^1.7.1",
                "@emnapi/runtime": "^1.7.1"
            }
        },
        "node_modules/@rspack/binding": {
            "version": "2.0.3",
            "resolved": "https://registry.npmjs.org/@rspack/binding/-/binding-2.0.3.tgz",
            "integrity": "sha512-4exVNhGhW5RFHjK87XeTKbkA/qAgI5NHJlT1jNqiJv0gcUXLqTOEU3w7f8+f9zUo4JMFvPc0c9veOi4M19YYTg==",
            "dev": true,
            "license": "MIT",
            "optionalDependencies": {
                "@rspack/binding-darwin-arm64": "2.0.3",
                "@rspack/binding-darwin-x64": "2.0.3",
                "@rspack/binding-linux-arm64-gnu": "2.0.3",
                "@rspack/binding-linux-arm64-musl": "2.0.3",
                "@rspack/binding-linux-x64-gnu": "2.0.3",
                "@rspack/binding-linux-x64-musl": "2.0.3",
                "@rspack/binding-wasm32-wasi": "2.0.3",
                "@rspack/binding-win32-arm64-msvc": "2.0.3",
                "@rspack/binding-win32-ia32-msvc": "2.0.3",
                "@rspack/binding-win32-x64-msvc": "2.0.3"
            }
        },
        "node_modules/@rspack/binding-darwin-arm64": {
            "version": "2.0.3",
            "resolved": "https://registry.npmjs.org/@rspack/binding-darwin-arm64/-/binding-darwin-arm64-2.0.3.tgz",
            "integrity": "sha512-4UyCjLJwU/WxR6K1/gG4u3+jUsoaRHJ5rNu9fto/UbvrItwdlVNULChAApqZFw6mcSetMddSjSICeuj5pSB6sA==",
            "cpu": [
                "arm64"
            ],
            "dev": true,
            "license": "MIT",
            "optional": true,
            "os": [
                "darwin"
            ]
        },
        "node_modules/@rspack/binding-darwin-x64": {
            "version": "2.0.3",
            "resolved": "https://registry.npmjs.org/@rspack/binding-darwin-x64/-/binding-darwin-x64-2.0.3.tgz",
            "integrity": "sha512-K3evrbTgZNa8emEqk+AjDtbuoXZp5tPZz3pcEgETxuu3KanW8Zu+Fb+TUp1DEUcL0xOmHPPox8H2cZ3pF4Zmug==",
            "cpu": [
                "x64"
            ],
            "dev": true,
            "license": "MIT",
            "optional": true,
            "os": [
                "darwin"
            ]
        },
        "node_modules/@rspack/binding-linux-arm64-gnu": {
            "version": "2.0.3",
            "resolved": "https://registry.npmjs.org/@rspack/binding-linux-arm64-gnu/-/binding-linux-arm64-gnu-2.0.3.tgz",
            "integrity": "sha512-aPLDaaTtX1wqjLYAIHc2MGDQZtv1Hbjx47oaaefbWz5GbAnSA4P8jdYIeeGRyrqvQ0WqJXIWXgT0d/iXtes00A==",
            "cpu": [
                "arm64"
            ],
            "dev": true,
            "libc": [
                "glibc"
            ],
            "license": "MIT",
            "optional": true,
            "os": [
                "linux"
            ]
        },
        "node_modules/@rspack/binding-linux-arm64-musl": {
            "version": "2.0.3",
            "resolved": "https://registry.npmjs.org/@rspack/binding-linux-arm64-musl/-/binding-linux-arm64-musl-2.0.3.tgz",
            "integrity": "sha512-0WulUQPop6vmSDfrTxghmVlm+6crU8/XqD2f0dOWbEniZVuDZJ5/Y/cBqTRyk3rjl0vrmUv3lc87/t7UgQJQSw==",
            "cpu": [
                "arm64"
            ],
            "dev": true,
            "libc": [
                "musl"
            ],
            "license": "MIT",
            "optional": true,
            "os": [
                "linux"
            ]
        },
        "node_modules/@rspack/binding-linux-x64-gnu": {
            "version": "2.0.3",
            "resolved": "https://registry.npmjs.org/@rspack/binding-linux-x64-gnu/-/binding-linux-x64-gnu-2.0.3.tgz",
            "integrity": "sha512-fAhiMuV5omT53YMft+f3Y9euAFgspuyBAk9ZpeW2buL2TkuUMwP07adhhvQfKdQ5gpELfzmjQaRDGqaIT8UWiA==",
            "cpu": [
                "x64"
            ],
            "dev": true,
            "libc": [
                "glibc"
            ],
            "license": "MIT",
            "optional": true,
            "os": [
                "linux"
            ]
        },
        "node_modules/@rspack/binding-linux-x64-musl": {
            "version": "2.0.3",
            "resolved": "https://registry.npmjs.org/@rspack/binding-linux-x64-musl/-/binding-linux-x64-musl-2.0.3.tgz",
            "integrity": "sha512-0kcuFoZ8vy2iNWoISFOZt+/Ujo7LRLrzE7h07AV5r+oN/mv+/v14Sd/8NUtDIScCkrYOszYq/QS31e6t0UrVfw==",
            "cpu": [
                "x64"
            ],
            "dev": true,
            "libc": [
                "musl"
            ],
            "license": "MIT",
            "optional": true,
            "os": [
                "linux"
            ]
        },
        "node_modules/@rspack/binding-wasm32-wasi": {
            "version": "2.0.3",
            "resolved": "https://registry.npmjs.org/@rspack/binding-wasm32-wasi/-/binding-wasm32-wasi-2.0.3.tgz",
            "integrity": "sha512-x2fsw7GzNZEnw444ikj4/b8kVjM0Y0TllxmizHpYZ9gmaQrOk5OXo9RQdz+l4zzoGors0l2IZP5Cc4GJNCaSoQ==",
            "cpu": [
                "wasm32"
            ],
            "dev": true,
            "license": "MIT",
            "optional": true,
            "dependencies": {
                "@emnapi/core": "1.10.0",
                "@emnapi/runtime": "1.10.0",
                "@napi-rs/wasm-runtime": "1.1.4"
            }
        },
        "node_modules/@rspack/binding-win32-arm64-msvc": {
            "version": "2.0.3",
            "resolved": "https://registry.npmjs.org/@rspack/binding-win32-arm64-msvc/-/binding-win32-arm64-msvc-2.0.3.tgz",
            "integrity": "sha512-jqlxuVPdrgMuwj/HEjSkC/jmhl4fAuKyob36zJXq2uAusn2FRJ4kClGe1fLFpfxRXFVQAWwlAOwLJg8T0suuaA==",
            "cpu": [
                "arm64"
            ],
            "dev": true,
            "license": "MIT",
            "optional": true,
            "os": [
                "win32"
            ]
        },
        "node_modules/@rspack/binding-win32-ia32-msvc": {
            "version": "2.0.3",
            "resolved": "https://registry.npmjs.org/@rspack/binding-win32-ia32-msvc/-/binding-win32-ia32-msvc-2.0.3.tgz",
            "integrity": "sha512-QM4JEuyk5QaZ5gnvnAIaCwVQzCkrD2E4Sud77kx/MVGDsRkcOlMx3blMC5QNHPDamRmWGk+7314YOQvRhKuWyg==",
            "cpu": [
                "ia32"
            ],
            "dev": true,
            "license": "MIT",
            "optional": true,
            "os": [
                "win32"
            ]
        },
        "node_modules/@rspack/binding-win32-x64-msvc": {
            "version": "2.0.3",
            "resolved": "https://registry.npmjs.org/@rspack/binding-win32-x64-msvc/-/binding-win32-x64-msvc-2.0.3.tgz",
            "integrity": "sha512-vSQNnAy0wswG6AfNRuArTHQBiXOXl+A9ddQxBFup4PMHUzXxKtsBLQzw7BgFC0EgrPeHbt+30j7sXVZKYukj4A==",
            "cpu": [
                "x64"
            ],
            "dev": true,
            "license": "MIT",
            "optional": true,
            "os": [
                "win32"
            ]
        },
        "node_modules/@rspack/cli": {
            "version": "2.0.3",
            "resolved": "https://registry.npmjs.org/@rspack/cli/-/cli-2.0.3.tgz",
            "integrity": "sha512-h/Xbkupx82UaPr5Ye3hNORi5eXmpEGSPri7WkEOrKIcT+Y3h603kujCQziNIPX3G4UURWPiksIArp1GBTF+A9w==",
            "dev": true,
            "license": "MIT",
            "bin": {
                "rspack": "bin/rspack.js"
            },
            "peerDependencies": {
                "@rspack/core": "^2.0.0-0",
                "@rspack/dev-server": "^2.0.0-0"
            },
            "peerDependenciesMeta": {
                "@rspack/dev-server": {
                    "optional": true
                }
            }
        },
        "node_modules/@rspack/core": {
            "version": "2.0.3",
            "resolved": "https://registry.npmjs.org/@rspack/core/-/core-2.0.3.tgz",
            "integrity": "sha512-2ufO/8FHIA/lX6UOgSsKPhpDvHr0sh9lYq/n/LsIZsTwu3973BGbu2fg1Akvuu3rEnskPqXjsqH2EPBzEA42uA==",
            "dev": true,
            "license": "MIT",
            "dependencies": {
                "@rspack/binding": "2.0.3"
            },
            "engines": {
                "node": "^20.19.0 || >=22.12.0"
            },
            "peerDependencies": {
                "@module-federation/runtime-tools": "^0.24.1 || ^2.0.0",
                "@swc/helpers": ">=0.5.1"
            },
            "peerDependenciesMeta": {
                "@module-federation/runtime-tools": {
                    "optional": true
                },
                "@swc/helpers": {
                    "optional": true
                }
            }
        },
        "node_modules/@tybys/wasm-util": {
            "version": "0.10.2",
            "resolved": "https://registry.npmjs.org/@tybys/wasm-util/-/wasm-util-0.10.2.tgz",
            "integrity": "sha512-RoBvJ2X0wuKlWFIjrwffGw1IqZHKQqzIchKaadZZfnNpsAYp2mM0h36JtPCjNDAHGgYez/15uMBpfGwchhiMgg==",
            "dev": true,
            "license": "MIT",
            "optional": true,
            "dependencies": {
                "tslib": "^2.4.0"
            }
        },
        "node_modules/tslib": {
            "version": "2.8.1",
            "resolved": "https://registry.npmjs.org/tslib/-/tslib-2.8.1.tgz",
            "integrity": "sha512-oJFu94HQb+KVduSUQL7wnpmqnfmLsOA/nAh6b6EH0wCEoK0/mPeXU6c3wKDV83MkOuHPRHtSXKKU99IBazS/2w==",
            "dev": true,
            "license": "0BSD",
            "optional": true
        },
        "node_modules/typescript": {
            "version": "5.9.3",
            "resolved": "https://registry.npmjs.org/typescript/-/typescript-5.9.3.tgz",
            "integrity": "sha512-jl1vZzPDinLr9eUt3J/t7V6FgNEw9QjvBPdysz9KfQDD41fQrC2Y4vKQdiaUpFT4bXlb1RHhLpp8wtm6M5TgSw==",
            "dev": true,
            "license": "Apache-2.0",
            "bin": {
                "tsc": "bin/tsc",
                "tsserver": "bin/tsserver"
            },
            "engines": {
                "node": ">=14.17"
            }
        }
    }
}
